
Microsoft Visual Studio Solution File, Format Version 12.00
# Visual Studio 15
Project("{FAE04EC0-301F-11D3-BF4B-00C04F79EFBC}") = "TTWebGL", "TTWebGL.csproj", "{95A2CB8E-14D3-860B-D2CB-481042393F90}"
EndProject
Project("{FAE04EC0-301F-11D3-BF4B-00C04F79EFBC}") = "Assembly-CSharp", "Assembly-CSharp.csproj", "{BD3487C2-85A5-CF65-051C-20D049B10815}"
EndProject
Project("{FAE04EC0-301F-11D3-BF4B-00C04F79EFBC}") = "TTLitJson", "TTLitJson.csproj", "{D119C84A-D736-98E5-F9DA-699EFA2477CD}"
EndProject
Project("{FAE04EC0-301F-11D3-BF4B-00C04F79EFBC}") = "com.bytedance.ttsdk-editor", "com.bytedance.ttsdk-editor.csproj", "{017169B1-5CAF-B6CB-6C25-5BBBC0279295}"
EndProject
Global
	GlobalSection(SolutionConfigurationPlatforms) = preSolution
		Debug|Any CPU = Debug|Any CPU
		Release|Any CPU = Release|Any CPU
	EndGlobalSection
	GlobalSection(ProjectConfigurationPlatforms) = postSolution
		{95A2CB8E-14D3-860B-D2CB-481042393F90}.Debug|Any CPU.ActiveCfg = Debug|Any CPU
		{95A2CB8E-14D3-860B-D2CB-481042393F90}.Debug|Any CPU.Build.0 = Debug|Any CPU
		{95A2CB8E-14D3-860B-D2CB-481042393F90}.Release|Any CPU.ActiveCfg = Release|Any CPU
		{95A2CB8E-14D3-860B-D2CB-481042393F90}.Release|Any CPU.Build.0 = Release|Any CPU
		{BD3487C2-85A5-CF65-051C-20D049B10815}.Debug|Any CPU.ActiveCfg = Debug|Any CPU
		{BD3487C2-85A5-CF65-051C-20D049B10815}.Debug|Any CPU.Build.0 = Debug|Any CPU
		{BD3487C2-85A5-CF65-051C-20D049B10815}.Release|Any CPU.ActiveCfg = Release|Any CPU
		{BD3487C2-85A5-CF65-051C-20D049B10815}.Release|Any CPU.Build.0 = Release|Any CPU
		{D119C84A-D736-98E5-F9DA-699EFA2477CD}.Debug|Any CPU.ActiveCfg = Debug|Any CPU
		{D119C84A-D736-98E5-F9DA-699EFA2477CD}.Debug|Any CPU.Build.0 = Debug|Any CPU
		{D119C84A-D736-98E5-F9DA-699EFA2477CD}.Release|Any CPU.ActiveCfg = Release|Any CPU
		{D119C84A-D736-98E5-F9DA-699EFA2477CD}.Release|Any CPU.Build.0 = Release|Any CPU
		{017169B1-5CAF-B6CB-6C25-5BBBC0279295}.Debug|Any CPU.ActiveCfg = Debug|Any CPU
		{017169B1-5CAF-B6CB-6C25-5BBBC0279295}.Debug|Any CPU.Build.0 = Debug|Any CPU
		{017169B1-5CAF-B6CB-6C25-5BBBC0279295}.Release|Any CPU.ActiveCfg = Release|Any CPU
		{017169B1-5CAF-B6CB-6C25-5BBBC0279295}.Release|Any CPU.Build.0 = Release|Any CPU
	EndGlobalSection
	GlobalSection(SolutionProperties) = preSolution
		HideSolutionNode = FALSE
	EndGlobalSection
EndGlobal
